Microsoft Visual Studio Solution File, Format Version 12.00
# Visual Studio Version 17
VisualStudioVersion = 17.0.31903.59
MinimumVisualStudioVersion = 10.0.40219.1
Project("{9A19103F-16F7-4668-BE54-9A1E7A4F7556}") = "CassieWordCheck.Core", "CassieWordCheck.Core\CassieWordCheck.Core.csproj", "{9A1579CD-78C4-4780-8D9E-4124956FC4D7}"
EndProject
Project("{9A19103F-16F7-4668-BE54-9A1E7A4F7556}") = "CassieWordCheck.WinUI", "CassieWordCheck.WinUI\CassieWordCheck.WinUI.csproj", "{E8E3BAE4-C421-45B8-912D-B25123145D19}"
EndProject
Project("{9A19103F-16F7-4668-BE54-9A1E7A4F7556}") = "CassieWordCheck.Tests", "CassieWordCheck.Tests\CassieWordCheck.Tests.csproj", "{EC06914A-F4A1-4068-90DB-634CB4D271E2}"
EndProject
Global
	GlobalSection(SolutionConfigurationPlatforms) = preSolution
		Debug|Any CPU = Debug|Any CPU
		Debug|x64 = Debug|x64
		Release|Any CPU = Release|Any CPU
		Release|x64 = Release|x64
	EndGlobalSection
	GlobalSection(ProjectConfigurationPlatforms) = postSolution
		{9A1579CD-78C4-4780-8D9E-4124956FC4D7}.Debug|Any CPU.ActiveCfg = Debug|Any CPU
		{9A1579CD-78C4-4780-8D9E-4124956FC4D7}.Debug|Any CPU.Build.0 = Debug|Any CPU
		{9A1579CD-78C4-4780-8D9E-4124956FC4D7}.Debug|x64.ActiveCfg = Debug|Any CPU
		{9A1579CD-78C4-4780-8D9E-4124956FC4D7}.Debug|x64.Build.0 = Debug|Any CPU
		{9A1579CD-78C4-4780-8D9E-4124956FC4D7}.Release|Any CPU.ActiveCfg = Release|Any CPU
		{9A1579CD-78C4-4780-8D9E-4124956FC4D7}.Release|Any CPU.Build.0 = Release|Any CPU
		{9A1579CD-78C4-4780-8D9E-4124956FC4D7}.Release|x64.ActiveCfg = Release|Any CPU
		{9A1579CD-78C4-4780-8D9E-4124956FC4D7}.Release|x64.Build.0 = Release|Any CPU
		{E8E3BAE4-C421-45B8-912D-B25123145D19}.Debug|Any CPU.ActiveCfg = Debug|x64
		{E8E3BAE4-C421-45B8-912D-B25123145D19}.Debug|Any CPU.Build.0 = Debug|x64
		{E8E3BAE4-C421-45B8-912D-B25123145D19}.Debug|x64.ActiveCfg = Debug|x64
		{E8E3BAE4-C421-45B8-912D-B25123145D19}.Debug|x64.Build.0 = Debug|x64
		{E8E3BAE4-C421-45B8-912D-B25123145D19}.Release|Any CPU.ActiveCfg = Release|x64
		{E8E3BAE4-C421-45B8-912D-B25123145D19}.Release|Any CPU.Build.0 = Release|x64
		{E8E3BAE4-C421-45B8-912D-B25123145D19}.Release|x64.ActiveCfg = Release|x64
		{E8E3BAE4-C421-45B8-912D-B25123145D19}.Release|x64.Build.0 = Release|x64
		{EC06914A-F4A1-4068-90DB-634CB4D271E2}.Debug|Any CPU.ActiveCfg = Debug|Any CPU
		{EC06914A-F4A1-4068-90DB-634CB4D271E2}.Debug|Any CPU.Build.0 = Debug|Any CPU
		{EC06914A-F4A1-4068-90DB-634CB4D271E2}.Debug|x64.ActiveCfg = Debug|Any CPU
		{EC06914A-F4A1-4068-90DB-634CB4D271E2}.Debug|x64.Build.0 = Debug|Any CPU
		{EC06914A-F4A1-4068-90DB-634CB4D271E2}.Release|Any CPU.ActiveCfg = Release|Any CPU
		{EC06914A-F4A1-4068-90DB-634CB4D271E2}.Release|Any CPU.Build.0 = Release|Any CPU
		{EC06914A-F4A1-4068-90DB-634CB4D271E2}.Release|x64.ActiveCfg = Release|Any CPU
		{EC06914A-F4A1-4068-90DB-634CB4D271E2}.Release|x64.Build.0 = Release|Any CPU
	EndGlobalSection
	GlobalSection(SolutionProperties) = preSolution
		HideSolutionNode = FALSE
	EndGlobalSection
EndGlobal
